
Microsoft Visual Studio Solution File, Format Version 12.00
# Visual Studio 2012
Project("{FAE04EC0-301F-11D3-BF4B-00C04F79EFBC}") = "HelloGit", "HelloGit\HelloGit.csproj", "{C842251B-8F71-4A28-886D-54A665F303FF}"
EndProject
Global
	GlobalSection(SolutionConfigurationPlatforms) = preSolution
		Debug|Any CPU = Debug|Any CPU
		Release|Any CPU = Release|Any CPU
	EndGlobalSection
	GlobalSection(ProjectConfigurationPlatforms) = postSolution
		{C842251B-8F71-4A28-886D-54A665F303FF}.Debug|Any CPU.ActiveCfg = Debug|Any CPU
		{C842251B-8F71-4A28-886D-54A665F303FF}.Debug|Any CPU.Build.0 = Debug|Any CPU
		{C842251B-8F71-4A28-886D-54A665F303FF}.Release|Any CPU.ActiveCfg = Release|Any CPU
		{C842251B-8F71-4A28-886D-54A665F303FF}.Release|Any CPU.Build.0 = Release|Any CPU
	EndGlobalSection
	GlobalSection(SolutionProperties) = preSolution
		HideSolutionNode = FALSE
	EndGlobalSection
EndGlobal
